
Microsoft Visual Studio Solution File, Format Version 12.00
# Visual Studio 14
VisualStudioVersion = 14.0.22823.1
MinimumVisualStudioVersion = 10.0.40219.1
Project("{FAE04EC0-301F-11D3-BF4B-00C04F79EFBC}") = "Jarvis.DocumentStore.Core", "Jarvis.DocumentStore.Core\Jarvis.DocumentStore.Core.csproj", "{A03810AE-2905-4CEE-A5D9-5E25C9A6309A}"
EndProject
Project("{FAE04EC0-301F-11D3-BF4B-00C04F79EFBC}") = "Jarvis.DocumentStore.Tests", "Jarvis.DocumentStore.Tests\Jarvis.DocumentStore.Tests.csproj", "{C22E8635-694B-4799-93A2-E10B33E0B04D}"
EndProject
Project("{FAE04EC0-301F-11D3-BF4B-00C04F79EFBC}") = "Jarvis.DocumentStore.Host", "Jarvis.DocumentStore.Host\Jarvis.DocumentStore.Host.csproj", "{26EE5189-77AD-4D18-BD4E-313E024E8941}"
	ProjectSection(ProjectDependencies) = postProject
		{65411E15-6EC3-455F-A5E4-34446A808474} = {65411E15-6EC3-455F-A5E4-34446A808474}
	EndProjectSection
EndProject
Project("{FAE04EC0-301F-11D3-BF4B-00C04F79EFBC}") = "Jarvis.DocumentStore.Client", "Jarvis.DocumentStore.Client\Jarvis.DocumentStore.Client.csproj", "{A7B56DEE-8009-47B2-89E4-C9F7A5C67236}"
EndProject
Project("{2150E333-8FDC-42A3-9474-1A3956D46DE8}") = "Solution Items", "Solution Items", "{6DDCA900-57CE-4C53-9CBF-B3ED8E7968E8}"
	ProjectSection(SolutionItems) = preProject
		..\assets\Configs\default\base.config = ..\assets\Configs\default\base.config
		..\DocumentStore.application = ..\DocumentStore.application
	EndProjectSection
EndProject
Project("{FAE04EC0-301F-11D3-BF4B-00C04F79EFBC}") = "Jarvis.DocumentStore.Shared", "Jarvis.DocumentStore.Shared\Jarvis.DocumentStore.Shared.csproj", "{377E1786-2C26-4C3B-ACBA-A9CD73FB53E6}"
EndProject
Project("{FAE04EC0-301F-11D3-BF4B-00C04F79EFBC}") = "Jarvis.DocumentStore.JobsHost", "Jarvis.DocumentStore.JobsHost\Jarvis.DocumentStore.JobsHost.csproj", "{65411E15-6EC3-455F-A5E4-34446A808474}"
EndProject
Project("{2150E333-8FDC-42A3-9474-1A3956D46DE8}") = ".nuget", ".nuget", "{6F0BD141-2501-42C7-A86E-2AFE165CC7C8}"
	ProjectSection(SolutionItems) = preProject
		.nuget\packages.config = .nuget\packages.config
	EndProjectSection
EndProject
Project("{2150E333-8FDC-42A3-9474-1A3956D46DE8}") = "Jobs", "Jobs", "{1BF1D624-839D-4042-BADD-DB00F4067BED}"
EndProject
Project("{FAE04EC0-301F-11D3-BF4B-00C04F79EFBC}") = "Jarvis.DocumentStore.Jobs.Tika", "Jarvis.DocumentStore.Jobs\Jarvis.DocumentStore.Jobs.Tika\Jarvis.DocumentStore.Jobs.Tika.csproj", "{99CC9CA1-9A95-4ECB-A7F4-3A46892BF2C8}"
EndProject
Project("{FAE04EC0-301F-11D3-BF4B-00C04F79EFBC}") = "Jarvis.DocumentStore.Jobs.Email", "Jarvis.DocumentStore.Jobs\Jarvis.DocumentStore.Jobs.Email\Jarvis.DocumentStore.Jobs.Email.csproj", "{C636055C-8AE6-443D-A4AE-DC023B159564}"
EndProject
Project("{FAE04EC0-301F-11D3-BF4B-00C04F79EFBC}") = "Jarvis.DocumentStore.Jobs.HtmlZip", "Jarvis.DocumentStore.Jobs\Jarvis.DocumentStore.Jobs.HtmlZip\Jarvis.DocumentStore.Jobs.HtmlZip.csproj", "{FE881078-A453-4687-AC55-7C4D89502072}"
EndProject
Project("{FAE04EC0-301F-11D3-BF4B-00C04F79EFBC}") = "Jarvis.DocumentStore.Jobs.ImageResizer", "Jarvis.DocumentStore.Jobs\Jarvis.DocumentStore.Jobs.ImageResizer\Jarvis.DocumentStore.Jobs.ImageResizer.csproj", "{A561B929-14E8-4824-BE05-004B610491EA}"
EndProject
Project("{FAE04EC0-301F-11D3-BF4B-00C04F79EFBC}") = "Jarvis.DocumentStore.Jobs.PdfThumbnails", "Jarvis.DocumentStore.Jobs\Jarvis.DocumentStore.Jobs.PdfThumbnails\Jarvis.DocumentStore.Jobs.PdfThumbnails.csproj", "{B2C4EC5C-B514-4745-8CCE-233F1E05DD1C}"
EndProject
Project("{FAE04EC0-301F-11D3-BF4B-00C04F79EFBC}") = "Jarvis.DocumentStore.Jobs.HtmlZipOld", "Jarvis.DocumentStore.Jobs\Jarvis.DocumentStore.Jobs.HtmlZipOld\Jarvis.DocumentStore.Jobs.HtmlZipOld.csproj", "{416674F1-A0F0-46DA-92CD-F1191A2EB54C}"
EndProject
Project("{FAE04EC0-301F-11D3-BF4B-00C04F79EFBC}") = "Jarvis.DocumentStore.Jobs.Attachments", "Jarvis.DocumentStore.Jobs\Jarvis.DocumentStore.Jobs.Attachments\Jarvis.DocumentStore.Jobs.Attachments.csproj", "{ABAED052-E89A-4DE7-B1EA-EF53F549DD17}"
EndProject
Project("{FAE04EC0-301F-11D3-BF4B-00C04F79EFBC}") = "Jarvis.DocumentStore.Jobs.LibreOffice", "Jarvis.DocumentStore.Jobs\Jarvis.DocumentStore.Jobs.LibreOffice\Jarvis.DocumentStore.Jobs.LibreOffice.csproj", "{9B18CF88-8758-44E9-BED8-E5FD53504C8B}"
EndProject
Project("{2150E333-8FDC-42A3-9474-1A3956D46DE8}") = "Tools", "Tools", "{A00F4E0A-4A37-45E1-8927-191DF081135E}"
EndProject
Project("{FAE04EC0-301F-11D3-BF4B-00C04F79EFBC}") = "Jarvis.DocumentStore.Shell", "Tools\Jarvis.DocumentStore.Tools\Jarvis.DocumentStore.Shell.csproj", "{A030755A-936D-4808-B1E1-FD94B4BB1DDF}"
EndProject
Project("{2150E333-8FDC-42A3-9474-1A3956D46DE8}") = "Extra", "Extra", "{52D0F625-04DB-48F8-AB17-99D33F93CD82}"
EndProject
Project("{FAE04EC0-301F-11D3-BF4B-00C04F79EFBC}") = "Jarvis.DocumentStore.Jobs.TikaBaseFilters", "Jarvis.DocumentStore.Jobs\Jarvis.DocumentStore.Jobs.TikaBaseFilters\Jarvis.DocumentStore.Jobs.TikaBaseFilters.csproj", "{CA9AD683-00E1-4CB4-B2B0-8BAB5019024A}"
EndProject
Project("{FAE04EC0-301F-11D3-BF4B-00C04F79EFBC}") = "Jarvis.DocumentStore.Jobs.VideoThumbnails", "Jarvis.DocumentStore.Jobs\Jarvis.DocumentStore.Jobs.VideoThumbnails\Jarvis.DocumentStore.Jobs.VideoThumbnails.csproj", "{28C9F1E9-9780-478E-BDCB-B7DFD91C290F}"
EndProject
Global
	GlobalSection(SolutionConfigurationPlatforms) = preSolution
		Debug|Any CPU = Debug|Any CPU
		Release|Any CPU = Release|Any CPU
	EndGlobalSection
	GlobalSection(ProjectConfigurationPlatforms) = postSolution
		{A03810AE-2905-4CEE-A5D9-5E25C9A6309A}.Debug|Any CPU.ActiveCfg = Debug|Any CPU
		{A03810AE-2905-4CEE-A5D9-5E25C9A6309A}.Debug|Any CPU.Build.0 = Debug|Any CPU
		{A03810AE-2905-4CEE-A5D9-5E25C9A6309A}.Release|Any CPU.ActiveCfg = Release|Any CPU
		{A03810AE-2905-4CEE-A5D9-5E25C9A6309A}.Release|Any CPU.Build.0 = Release|Any CPU
		{C22E8635-694B-4799-93A2-E10B33E0B04D}.Debug|Any CPU.ActiveCfg = Debug|Any CPU
		{C22E8635-694B-4799-93A2-E10B33E0B04D}.Debug|Any CPU.Build.0 = Debug|Any CPU
		{C22E8635-694B-4799-93A2-E10B33E0B04D}.Release|Any CPU.ActiveCfg = Release|Any CPU
		{C22E8635-694B-4799-93A2-E10B33E0B04D}.Release|Any CPU.Build.0 = Release|Any CPU
		{26EE5189-77AD-4D18-BD4E-313E024E8941}.Debug|Any CPU.ActiveCfg = Debug|Any CPU
		{26EE5189-77AD-4D18-BD4E-313E024E8941}.Debug|Any CPU.Build.0 = Debug|Any CPU
		{26EE5189-77AD-4D18-BD4E-313E024E8941}.Release|Any CPU.ActiveCfg = Release|Any CPU
		{26EE5189-77AD-4D18-BD4E-313E024E8941}.Release|Any CPU.Build.0 = Release|Any CPU
		{A7B56DEE-8009-47B2-89E4-C9F7A5C67236}.Debug|Any CPU.ActiveCfg = Debug|Any CPU
		{A7B56DEE-8009-47B2-89E4-C9F7A5C67236}.Debug|Any CPU.Build.0 = Debug|Any CPU
		{A7B56DEE-8009-47B2-89E4-C9F7A5C67236}.Release|Any CPU.ActiveCfg = Release|Any CPU
		{A7B56DEE-8009-47B2-89E4-C9F7A5C67236}.Release|Any CPU.Build.0 = Release|Any CPU
		{377E1786-2C26-4C3B-ACBA-A9CD73FB53E6}.Debug|Any CPU.ActiveCfg = Debug|Any CPU
		{377E1786-2C26-4C3B-ACBA-A9CD73FB53E6}.Debug|Any CPU.Build.0 = Debug|Any CPU
		{377E1786-2C26-4C3B-ACBA-A9CD73FB53E6}.Release|Any CPU.ActiveCfg = Release|Any CPU
		{377E1786-2C26-4C3B-ACBA-A9CD73FB53E6}.Release|Any CPU.Build.0 = Release|Any CPU
		{65411E15-6EC3-455F-A5E4-34446A808474}.Debug|Any CPU.ActiveCfg = Debug|Any CPU
		{65411E15-6EC3-455F-A5E4-34446A808474}.Debug|Any CPU.Build.0 = Debug|Any CPU
		{65411E15-6EC3-455F-A5E4-34446A808474}.Release|Any CPU.ActiveCfg = Release|Any CPU
		{65411E15-6EC3-455F-A5E4-34446A808474}.Release|Any CPU.Build.0 = Release|Any CPU
		{99CC9CA1-9A95-4ECB-A7F4-3A46892BF2C8}.Debug|Any CPU.ActiveCfg = Debug|Any CPU
		{99CC9CA1-9A95-4ECB-A7F4-3A46892BF2C8}.Debug|Any CPU.Build.0 = Debug|Any CPU
		{99CC9CA1-9A95-4ECB-A7F4-3A46892BF2C8}.Release|Any CPU.ActiveCfg = Release|Any CPU
		{99CC9CA1-9A95-4ECB-A7F4-3A46892BF2C8}.Release|Any CPU.Build.0 = Release|Any CPU
		{C636055C-8AE6-443D-A4AE-DC023B159564}.Debug|Any CPU.ActiveCfg = Debug|Any CPU
		{C636055C-8AE6-443D-A4AE-DC023B159564}.Debug|Any CPU.Build.0 = Debug|Any CPU
		{C636055C-8AE6-443D-A4AE-DC023B159564}.Release|Any CPU.ActiveCfg = Release|Any CPU
		{C636055C-8AE6-443D-A4AE-DC023B159564}.Release|Any CPU.Build.0 = Release|Any CPU
		{FE881078-A453-4687-AC55-7C4D89502072}.Debug|Any CPU.ActiveCfg = Debug|Any CPU
		{FE881078-A453-4687-AC55-7C4D89502072}.Debug|Any CPU.Build.0 = Debug|Any CPU
		{FE881078-A453-4687-AC55-7C4D89502072}.Release|Any CPU.ActiveCfg = Release|Any CPU
		{FE881078-A453-4687-AC55-7C4D89502072}.Release|Any CPU.Build.0 = Release|Any CPU
		{A561B929-14E8-4824-BE05-004B610491EA}.Debug|Any CPU.ActiveCfg = Debug|Any CPU
		{A561B929-14E8-4824-BE05-004B610491EA}.Debug|Any CPU.Build.0 = Debug|Any CPU
		{A561B929-14E8-4824-BE05-004B610491EA}.Release|Any CPU.ActiveCfg = Release|Any CPU
		{A561B929-14E8-4824-BE05-004B610491EA}.Release|Any CPU.Build.0 = Release|Any CPU
		{B2C4EC5C-B514-4745-8CCE-233F1E05DD1C}.Debug|Any CPU.ActiveCfg = Debug|Any CPU
		{B2C4EC5C-B514-4745-8CCE-233F1E05DD1C}.Debug|Any CPU.Build.0 = Debug|Any CPU
		{B2C4EC5C-B514-4745-8CCE-233F1E05DD1C}.Release|Any CPU.ActiveCfg = Release|Any CPU
		{B2C4EC5C-B514-4745-8CCE-233F1E05DD1C}.Release|Any CPU.Build.0 = Release|Any CPU
		{416674F1-A0F0-46DA-92CD-F1191A2EB54C}.Debug|Any CPU.ActiveCfg = Debug|Any CPU
		{416674F1-A0F0-46DA-92CD-F1191A2EB54C}.Debug|Any CPU.Build.0 = Debug|Any CPU
		{416674F1-A0F0-46DA-92CD-F1191A2EB54C}.Release|Any CPU.ActiveCfg = Release|Any CPU
		{416674F1-A0F0-46DA-92CD-F1191A2EB54C}.Release|Any CPU.Build.0 = Release|Any CPU
		{ABAED052-E89A-4DE7-B1EA-EF53F549DD17}.Debug|Any CPU.ActiveCfg = Debug|Any CPU
		{ABAED052-E89A-4DE7-B1EA-EF53F549DD17}.Debug|Any CPU.Build.0 = Debug|Any CPU
		{ABAED052-E89A-4DE7-B1EA-EF53F549DD17}.Release|Any CPU.ActiveCfg = Release|Any CPU
		{ABAED052-E89A-4DE7-B1EA-EF53F549DD17}.Release|Any CPU.Build.0 = Release|Any CPU
		{9B18CF88-8758-44E9-BED8-E5FD53504C8B}.Debug|Any CPU.ActiveCfg = Debug|Any CPU
		{9B18CF88-8758-44E9-BED8-E5FD53504C8B}.Debug|Any CPU.Build.0 = Debug|Any CPU
		{9B18CF88-8758-44E9-BED8-E5FD53504C8B}.Release|Any CPU.ActiveCfg = Release|Any CPU
		{9B18CF88-8758-44E9-BED8-E5FD53504C8B}.Release|Any CPU.Build.0 = Release|Any CPU
		{A030755A-936D-4808-B1E1-FD94B4BB1DDF}.Debug|Any CPU.ActiveCfg = Debug|Any CPU
		{A030755A-936D-4808-B1E1-FD94B4BB1DDF}.Debug|Any CPU.Build.0 = Debug|Any CPU
		{A030755A-936D-4808-B1E1-FD94B4BB1DDF}.Release|Any CPU.ActiveCfg = Release|Any CPU
		{A030755A-936D-4808-B1E1-FD94B4BB1DDF}.Release|Any CPU.Build.0 = Release|Any CPU
		{CA9AD683-00E1-4CB4-B2B0-8BAB5019024A}.Debug|Any CPU.ActiveCfg = Debug|Any CPU
		{CA9AD683-00E1-4CB4-B2B0-8BAB5019024A}.Debug|Any CPU.Build.0 = Debug|Any CPU
		{CA9AD683-00E1-4CB4-B2B0-8BAB5019024A}.Release|Any CPU.ActiveCfg = Release|Any CPU
		{CA9AD683-00E1-4CB4-B2B0-8BAB5019024A}.Release|Any CPU.Build.0 = Release|Any CPU
		{28C9F1E9-9780-478E-BDCB-B7DFD91C290F}.Debug|Any CPU.ActiveCfg = Debug|Any CPU
		{28C9F1E9-9780-478E-BDCB-B7DFD91C290F}.Debug|Any CPU.Build.0 = Debug|Any CPU
		{28C9F1E9-9780-478E-BDCB-B7DFD91C290F}.Release|Any CPU.ActiveCfg = Release|Any CPU
		{28C9F1E9-9780-478E-BDCB-B7DFD91C290F}.Release|Any CPU.Build.0 = Release|Any CPU
	EndGlobalSection
	GlobalSection(SolutionProperties) = preSolution
		HideSolutionNode = FALSE
	EndGlobalSection
	GlobalSection(NestedProjects) = preSolution
		{99CC9CA1-9A95-4ECB-A7F4-3A46892BF2C8} = {1BF1D624-839D-4042-BADD-DB00F4067BED}
		{C636055C-8AE6-443D-A4AE-DC023B159564} = {1BF1D624-839D-4042-BADD-DB00F4067BED}
		{FE881078-A453-4687-AC55-7C4D89502072} = {1BF1D624-839D-4042-BADD-DB00F4067BED}
		{A561B929-14E8-4824-BE05-004B610491EA} = {1BF1D624-839D-4042-BADD-DB00F4067BED}
		{B2C4EC5C-B514-4745-8CCE-233F1E05DD1C} = {1BF1D624-839D-4042-BADD-DB00F4067BED}
		{416674F1-A0F0-46DA-92CD-F1191A2EB54C} = {1BF1D624-839D-4042-BADD-DB00F4067BED}
		{ABAED052-E89A-4DE7-B1EA-EF53F549DD17} = {1BF1D624-839D-4042-BADD-DB00F4067BED}
		{9B18CF88-8758-44E9-BED8-E5FD53504C8B} = {1BF1D624-839D-4042-BADD-DB00F4067BED}
		{A030755A-936D-4808-B1E1-FD94B4BB1DDF} = {A00F4E0A-4A37-45E1-8927-191DF081135E}
		{52D0F625-04DB-48F8-AB17-99D33F93CD82} = {1BF1D624-839D-4042-BADD-DB00F4067BED}
		{CA9AD683-00E1-4CB4-B2B0-8BAB5019024A} = {52D0F625-04DB-48F8-AB17-99D33F93CD82}
		{28C9F1E9-9780-478E-BDCB-B7DFD91C290F} = {1BF1D624-839D-4042-BADD-DB00F4067BED}
	EndGlobalSection
EndGlobal
