
Microsoft Visual Studio Solution File, Format Version 12.00
# Visual Studio 2013
VisualStudioVersion = 12.0.30626.0
MinimumVisualStudioVersion = 10.0.40219.1
Project("{FAE04EC0-301F-11D3-BF4B-00C04F79EFBC}") = "Jarvis.DocumentStore.Core", "Jarvis.DocumentStore.Core\Jarvis.DocumentStore.Core.csproj", "{A03810AE-2905-4CEE-A5D9-5E25C9A6309A}"
EndProject
Project("{FAE04EC0-301F-11D3-BF4B-00C04F79EFBC}") = "Jarvis.DocumentStore.Tests", "Jarvis.DocumentStore.Tests\Jarvis.DocumentStore.Tests.csproj", "{C22E8635-694B-4799-93A2-E10B33E0B04D}"
EndProject
Project("{FAE04EC0-301F-11D3-BF4B-00C04F79EFBC}") = "Jarvis.DocumentStore.Host", "Jarvis.DocumentStore.Host\Jarvis.DocumentStore.Host.csproj", "{26EE5189-77AD-4D18-BD4E-313E024E8941}"
EndProject
Project("{FAE04EC0-301F-11D3-BF4B-00C04F79EFBC}") = "Jarvis.DocumentStore.Client", "Jarvis.DocumentStore.Client\Jarvis.DocumentStore.Client.csproj", "{A7B56DEE-8009-47B2-89E4-C9F7A5C67236}"
EndProject
Project("{FAE04EC0-301F-11D3-BF4B-00C04F79EFBC}") = "Jarvis.DocumentStore.Uploader", "Jarvis.DocumentStore.Uploader\Jarvis.DocumentStore.Uploader.csproj", "{EB1C4ADB-6179-4228-B1BE-F9996A1A1041}"
EndProject
Global
	GlobalSection(SolutionConfigurationPlatforms) = preSolution
		Debug|Any CPU = Debug|Any CPU
		Release|Any CPU = Release|Any CPU
	EndGlobalSection
	GlobalSection(ProjectConfigurationPlatforms) = postSolution
		{A03810AE-2905-4CEE-A5D9-5E25C9A6309A}.Debug|Any CPU.ActiveCfg = Debug|Any CPU
		{A03810AE-2905-4CEE-A5D9-5E25C9A6309A}.Debug|Any CPU.Build.0 = Debug|Any CPU
		{A03810AE-2905-4CEE-A5D9-5E25C9A6309A}.Release|Any CPU.ActiveCfg = Release|Any CPU
		{A03810AE-2905-4CEE-A5D9-5E25C9A6309A}.Release|Any CPU.Build.0 = Release|Any CPU
		{C22E8635-694B-4799-93A2-E10B33E0B04D}.Debug|Any CPU.ActiveCfg = Debug|Any CPU
		{C22E8635-694B-4799-93A2-E10B33E0B04D}.Debug|Any CPU.Build.0 = Debug|Any CPU
		{C22E8635-694B-4799-93A2-E10B33E0B04D}.Release|Any CPU.ActiveCfg = Release|Any CPU
		{C22E8635-694B-4799-93A2-E10B33E0B04D}.Release|Any CPU.Build.0 = Release|Any CPU
		{26EE5189-77AD-4D18-BD4E-313E024E8941}.Debug|Any CPU.ActiveCfg = Debug|Any CPU
		{26EE5189-77AD-4D18-BD4E-313E024E8941}.Debug|Any CPU.Build.0 = Debug|Any CPU
		{26EE5189-77AD-4D18-BD4E-313E024E8941}.Release|Any CPU.ActiveCfg = Release|Any CPU
		{26EE5189-77AD-4D18-BD4E-313E024E8941}.Release|Any CPU.Build.0 = Release|Any CPU
		{A7B56DEE-8009-47B2-89E4-C9F7A5C67236}.Debug|Any CPU.ActiveCfg = Debug|Any CPU
		{A7B56DEE-8009-47B2-89E4-C9F7A5C67236}.Debug|Any CPU.Build.0 = Debug|Any CPU
		{A7B56DEE-8009-47B2-89E4-C9F7A5C67236}.Release|Any CPU.ActiveCfg = Release|Any CPU
		{A7B56DEE-8009-47B2-89E4-C9F7A5C67236}.Release|Any CPU.Build.0 = Release|Any CPU
		{EB1C4ADB-6179-4228-B1BE-F9996A1A1041}.Debug|Any CPU.ActiveCfg = Debug|Any CPU
		{EB1C4ADB-6179-4228-B1BE-F9996A1A1041}.Debug|Any CPU.Build.0 = Debug|Any CPU
		{EB1C4ADB-6179-4228-B1BE-F9996A1A1041}.Release|Any CPU.ActiveCfg = Release|Any CPU
		{EB1C4ADB-6179-4228-B1BE-F9996A1A1041}.Release|Any CPU.Build.0 = Release|Any CPU
	EndGlobalSection
	GlobalSection(SolutionProperties) = preSolution
		HideSolutionNode = FALSE
	EndGlobalSection
EndGlobal
